
Microsoft Visual Studio Solution File, Format Version 12.00
# Visual Studio Version 17
VisualStudioVersion = 17.6.33815.320
MinimumVisualStudioVersion = 10.0.40219.1
Project("{FAE04EC0-301F-11D3-BF4B-00C04F79EFBC}") = "Canon_VsCanon", "Canon_VsCanon\Canon_VsCanon.csproj", "{CBA3164C-8BF4-47BD-9F50-3832489D35B6}"
EndProject
Global
	GlobalSection(SolutionConfigurationPlatforms) = preSolution
		Debug|Any CPU = Debug|Any CPU
		Release|Any CPU = Release|Any CPU
	EndGlobalSection
	GlobalSection(ProjectConfigurationPlatforms) = postSolution
		{CBA3164C-8BF4-47BD-9F50-3832489D35B6}.Debug|Any CPU.ActiveCfg = Debug|Any CPU
		{CBA3164C-8BF4-47BD-9F50-3832489D35B6}.Debug|Any CPU.Build.0 = Debug|Any CPU
		{CBA3164C-8BF4-47BD-9F50-3832489D35B6}.Release|Any CPU.ActiveCfg = Release|Any CPU
		{CBA3164C-8BF4-47BD-9F50-3832489D35B6}.Release|Any CPU.Build.0 = Release|Any CPU
	EndGlobalSection
	GlobalSection(SolutionProperties) = preSolution
		HideSolutionNode = FALSE
	EndGlobalSection
	GlobalSection(ExtensibilityGlobals) = postSolution
		SolutionGuid = {FFAEF22C-97BA-4364-976C-A62D2029C026}
	EndGlobalSection
EndGlobal
